
Microsoft Visual Studio Solution File, Format Version 12.00
# Visual Studio 14
VisualStudioVersion = 14.0.23107.0
MinimumVisualStudioVersion = 10.0.40219.1
Project("{FAE04EC0-301F-11D3-BF4B-00C04F79EFBC}") = "Problem.0", "Problem.0\Problem.0.csproj", "{BB3704DC-E687-434C-8CCF-773AB6733F07}"
EndProject
Project("{FAE04EC0-301F-11D3-BF4B-00C04F79EFBC}") = "Tests", "Tests\Tests.csproj", "{8D2A92C4-279B-4FEB-B0F2-F48451E61D7D}"
EndProject
Project("{FAE04EC0-301F-11D3-BF4B-00C04F79EFBC}") = "GodLib", "GodLib\GodLib.csproj", "{1EC43DFC-F1E7-4D46-9019-11FD912A1ECC}"
EndProject
Project("{FAE04EC0-301F-11D3-BF4B-00C04F79EFBC}") = "Problem.A", "Problem.A\Problem.A.csproj", "{458ED8A1-8E8A-4030-96F6-909DE01B00D1}"
EndProject
Global
	GlobalSection(SolutionConfigurationPlatforms) = preSolution
		Debug|Any CPU = Debug|Any CPU
		Release|Any CPU = Release|Any CPU
	EndGlobalSection
	GlobalSection(ProjectConfigurationPlatforms) = postSolution
		{BB3704DC-E687-434C-8CCF-773AB6733F07}.Debug|Any CPU.ActiveCfg = Debug|Any CPU
		{BB3704DC-E687-434C-8CCF-773AB6733F07}.Debug|Any CPU.Build.0 = Debug|Any CPU
		{BB3704DC-E687-434C-8CCF-773AB6733F07}.Release|Any CPU.ActiveCfg = Release|Any CPU
		{BB3704DC-E687-434C-8CCF-773AB6733F07}.Release|Any CPU.Build.0 = Release|Any CPU
		{8D2A92C4-279B-4FEB-B0F2-F48451E61D7D}.Debug|Any CPU.ActiveCfg = Debug|Any CPU
		{8D2A92C4-279B-4FEB-B0F2-F48451E61D7D}.Debug|Any CPU.Build.0 = Debug|Any CPU
		{8D2A92C4-279B-4FEB-B0F2-F48451E61D7D}.Release|Any CPU.ActiveCfg = Release|Any CPU
		{8D2A92C4-279B-4FEB-B0F2-F48451E61D7D}.Release|Any CPU.Build.0 = Release|Any CPU
		{1EC43DFC-F1E7-4D46-9019-11FD912A1ECC}.Debug|Any CPU.ActiveCfg = Debug|Any CPU
		{1EC43DFC-F1E7-4D46-9019-11FD912A1ECC}.Debug|Any CPU.Build.0 = Debug|Any CPU
		{1EC43DFC-F1E7-4D46-9019-11FD912A1ECC}.Release|Any CPU.ActiveCfg = Release|Any CPU
		{1EC43DFC-F1E7-4D46-9019-11FD912A1ECC}.Release|Any CPU.Build.0 = Release|Any CPU
		{458ED8A1-8E8A-4030-96F6-909DE01B00D1}.Debug|Any CPU.ActiveCfg = Debug|Any CPU
		{458ED8A1-8E8A-4030-96F6-909DE01B00D1}.Debug|Any CPU.Build.0 = Debug|Any CPU
		{458ED8A1-8E8A-4030-96F6-909DE01B00D1}.Release|Any CPU.ActiveCfg = Release|Any CPU
		{458ED8A1-8E8A-4030-96F6-909DE01B00D1}.Release|Any CPU.Build.0 = Release|Any CPU
	EndGlobalSection
	GlobalSection(SolutionProperties) = preSolution
		HideSolutionNode = FALSE
	EndGlobalSection
EndGlobal
